// !$*UTF8*$!
{
	archiveVersion = 1;
	classes = {
	};
	objectVersion = 46;
	objects = {

/* Begin PBXBuildFile section */
		259D3F7A15F5A8B000D0D5C3 /* UIKit.framework in Frameworks */ = {isa = PBXBuildFile; fileRef = 259D3F7915F5A8AF00D0D5C3 /* UIKit.framework */; };
		259D3F7C15F5A8B000D0D5C3 /* Foundation.framework in Frameworks */ = {isa = PBXBuildFile; fileRef = 259D3F7B15F5A8B000D0D5C3 /* Foundation.framework */; };
		259D3F7E15F5A8B000D0D5C3 /* CoreGraphics.framework in Frameworks */ = {isa = PBXBuildFile; fileRef = 259D3F7D15F5A8B000D0D5C3 /* CoreGraphics.framework */; };
		259D3F8415F5A8B000D0D5C3 /* InfoPlist.strings in Resources */ = {isa = PBXBuildFile; fileRef = 259D3F8215F5A8B000D0D5C3 /* InfoPlist.strings */; };
		259D3F8615F5A8B000D0D5C3 /* main.m in Sources */ = {isa = PBXBuildFile; fileRef = 259D3F8515F5A8B000D0D5C3 /* main.m */; };
		259D3F8A15F5A8B000D0D5C3 /* AppDelegate.m in Sources */ = {isa = PBXBuildFile; fileRef = 259D3F8915F5A8B000D0D5C3 /* AppDelegate.m */; };
		259D3F8D15F5A8B000D0D5C3 /* MainStoryboard_iPhone.storyboard in Resources */ = {isa = PBXBuildFile; fileRef = 259D3F8B15F5A8B000D0D5C3 /* MainStoryboard_iPhone.storyboard */; };
		259D3F9015F5A8B000D0D5C3 /* MainStoryboard_iPad.storyboard in Resources */ = {isa = PBXBuildFile; fileRef = 259D3F8E15F5A8B000D0D5C3 /* MainStoryboard_iPad.storyboard */; };
		259D3F9315F5A8B000D0D5C3 /* MasterViewController.m in Sources */ = {isa = PBXBuildFile; fileRef = 259D3F9215F5A8B000D0D5C3 /* MasterViewController.m */; };
		259D3F9615F5A8B000D0D5C3 /* DetailViewController.m in Sources */ = {isa = PBXBuildFile; fileRef = 259D3F9515F5A8B000D0D5C3 /* DetailViewController.m */; };
/* End PBXBuildFile section */

/* Begin PBXFileReference section */
		259D3F7515F5A8AF00D0D5C3 /* preparation.app */ = {isa = PBXFileReference; explicitFileType = wrapper.application; includeInIndex = 0; path = preparation.app; sourceTree = BUILT_PRODUCTS_DIR; };
		259D3F7915F5A8AF00D0D5C3 /* UIKit.framework */ = {isa = PBXFileReference; lastKnownFileType = wrapper.framework; name = UIKit.framework; path = System/Library/Frameworks/UIKit.framework; sourceTree = SDKROOT; };
		259D3F7B15F5A8B000D0D5C3 /* Foundation.framework */ = {isa = PBXFileReference; lastKnownFileType = wrapper.framework; name = Foundation.framework; path = System/Library/Frameworks/Foundation.framework; sourceTree = SDKROOT; };
		259D3F7D15F5A8B000D0D5C3 /* CoreGraphics.framework */ = {isa = PBXFileReference; lastKnownFileType = wrapper.framework; name = CoreGraphics.framework; path = System/Library/Frameworks/CoreGraphics.framework; sourceTree = SDKROOT; };
		259D3F8115F5A8B000D0D5C3 /* preparation-Info.plist */ = {isa = PBXFileReference; lastKnownFileType = text.plist.xml; path = "preparation-Info.plist"; sourceTree = "<group>"; };
		259D3F8315F5A8B000D0D5C3 /* en */ = {isa = PBXFileReference; lastKnownFileType = text.plist.strings; name = en; path = en.lproj/InfoPlist.strings; sourceTree = "<group>"; };
		259D3F8515F5A8B000D0D5C3 /* main.m */ = {isa = PBXFileReference; lastKnownFileType = sourcecode.c.objc; path = main.m; sourceTree = "<group>"; };
		259D3F8715F5A8B000D0D5C3 /* preparation-Prefix.pch */ = {isa = PBXFileReference; lastKnownFileType = sourcecode.c.h; path = "preparation-Prefix.pch"; sourceTree = "<group>"; };
		259D3F8815F5A8B000D0D5C3 /* AppDelegate.h */ = {isa = PBXFileReference; lastKnownFileType = sourcecode.c.h; path = AppDelegate.h; sourceTree = "<group>"; };
		259D3F8915F5A8B000D0D5C3 /* AppDelegate.m */ = {isa = PBXFileReference; lastKnownFileType = sourcecode.c.objc; path = AppDelegate.m; sourceTree = "<group>"; };
		259D3F8C15F5A8B000D0D5C3 /* en */ = {isa = PBXFileReference; lastKnownFileType = file.storyboard; name = en; path = en.lproj/MainStoryboard_iPhone.storyboard; sourceTree = "<group>"; };
		259D3F8F15F5A8B000D0D5C3 /* en */ = {isa = PBXFileReference; lastKnownFileType = file.storyboard; name = en; path = en.lproj/MainStoryboard_iPad.storyboard; sourceTree = "<group>"; };
		259D3F9115F5A8B000D0D5C3 /* MasterViewController.h */ = {isa = PBXFileReference; lastKnownFileType = sourcecode.c.h; path = MasterViewController.h; sourceTree = "<group>"; };
		259D3F9215F5A8B000D0D5C3 /* MasterViewController.m */ = {isa = PBXFileReference; lastKnownFileType = sourcecode.c.objc; path = MasterViewController.m; sourceTree = "<group>"; };
		259D3F9415F5A8B000D0D5C3 /* DetailViewController.h */ = {isa = PBXFileReference; lastKnownFileType = sourcecode.c.h; path = DetailViewController.h; sourceTree = "<group>"; };
		259D3F9515F5A8B000D0D5C3 /* DetailViewController.m */ = {isa = PBXFileReference; lastKnownFileType = sourcecode.c.objc; path = DetailViewController.m; sourceTree = "<group>"; };
/* End PBXFileReference section */

/* Begin PBXFrameworksBuildPhase section */
		259D3F7215F5A8AF00D0D5C3 /* Frameworks */ = {
			isa = PBXFrameworksBuildPhase;
			buildActionMask = 2147483647;
			files = (
				259D3F7A15F5A8B000D0D5C3 /* UIKit.framework in Frameworks */,
				259D3F7C15F5A8B000D0D5C3 /* Foundation.framework in Frameworks */,
				259D3F7E15F5A8B000D0D5C3 /* CoreGraphics.framework in Frameworks */,
			);
			runOnlyForDeploymentPostprocessing = 0;
		};
/* End PBXFrameworksBuildPhase section */

/* Begin PBXGroup section */
		259D3F6A15F5A8AF00D0D5C3 = {
			isa = PBXGroup;
			children = (
				259D3F7F15F5A8B000D0D5C3 /* preparation */,
				259D3F7815F5A8AF00D0D5C3 /* Frameworks */,
				259D3F7615F5A8AF00D0D5C3 /* Products */,
			);
			sourceTree = "<group>";
		};
		259D3F7615F5A8AF00D0D5C3 /* Products */ = {
			isa = PBXGroup;
			children = (
				259D3F7515F5A8AF00D0D5C3 /* preparation.app */,
			);
			name = Products;
			sourceTree = "<group>";
		};
		259D3F7815F5A8AF00D0D5C3 /* Frameworks */ = {
			isa = PBXGroup;
			children = (
				259D3F7915F5A8AF00D0D5C3 /* UIKit.framework */,
				259D3F7B15F5A8B000D0D5C3 /* Foundation.framework */,
				259D3F7D15F5A8B000D0D5C3 /* CoreGraphics.framework */,
			);
			name = Frameworks;
			sourceTree = "<group>";
		};
		259D3F7F15F5A8B000D0D5C3 /* preparation */ = {
			isa = PBXGroup;
			children = (
				259D3F8815F5A8B000D0D5C3 /* AppDelegate.h */,
				259D3F8915F5A8B000D0D5C3 /* AppDelegate.m */,
				259D3F8B15F5A8B000D0D5C3 /* MainStoryboard_iPhone.storyboard */,
				259D3F8E15F5A8B000D0D5C3 /* MainStoryboard_iPad.storyboard */,
				259D3F9115F5A8B000D0D5C3 /* MasterViewController.h */,
				259D3F9215F5A8B000D0D5C3 /* MasterViewController.m */,
				259D3F9415F5A8B000D0D5C3 /* DetailViewController.h */,
				259D3F9515F5A8B000D0D5C3 /* DetailViewController.m */,
				259D3F8015F5A8B000D0D5C3 /* Supporting Files */,
			);
			path = preparation;
			sourceTree = "<group>";
		};
		259D3F8015F5A8B000D0D5C3 /* Supporting Files */ = {
			isa = PBXGroup;
			children = (
				259D3F8115F5A8B000D0D5C3 /* preparation-Info.plist */,
				259D3F8215F5A8B000D0D5C3 /* InfoPlist.strings */,
				259D3F8515F5A8B000D0D5C3 /* main.m */,
				259D3F8715F5A8B000D0D5C3 /* preparation-Prefix.pch */,
			);
			name = "Supporting Files";
			sourceTree = "<group>";
		};
/* End PBXGroup section */

/* Begin PBXNativeTarget section */
		259D3F7415F5A8AF00D0D5C3 /* preparation */ = {
			isa = PBXNativeTarget;
			buildConfigurationList = 259D3F9915F5A8B000D0D5C3 /* Build configuration list for PBXNativeTarget "preparation" */;
			buildPhases = (
				259D3F7115F5A8AF00D0D5C3 /* Sources */,
				259D3F7215F5A8AF00D0D5C3 /* Frameworks */,
				259D3F7315F5A8AF00D0D5C3 /* Resources */,
			);
			buildRules = (
			);
			dependencies = (
			);
			name = preparation;
			productName = preparation;
			productReference = 259D3F7515F5A8AF00D0D5C3 /* preparation.app */;
			productType = "com.apple.product-type.application";
		};
/* End PBXNativeTarget section */

/* Begin PBXProject section */
		259D3F6C15F5A8AF00D0D5C3 /* Project object */ = {
			isa = PBXProject;
			attributes = {
				LastUpgradeCheck = 0440;
				ORGANIZATIONNAME = Larry;
			};
			buildConfigurationList = 259D3F6F15F5A8AF00D0D5C3 /* Build configuration list for PBXProject "preparation" */;
			compatibilityVersion = "Xcode 3.2";
			developmentRegion = English;
			hasScannedForEncodings = 0;
			knownRegions = (
				en,
			);
			mainGroup = 259D3F6A15F5A8AF00D0D5C3;
			productRefGroup = 259D3F7615F5A8AF00D0D5C3 /* Products */;
			projectDirPath = "";
			projectRoot = "";
			targets = (
				259D3F7415F5A8AF00D0D5C3 /* preparation */,
			);
		};
/* End PBXProject section */

/* Begin PBXResourcesBuildPhase section */
		259D3F7315F5A8AF00D0D5C3 /* Resources */ = {
			isa = PBXResourcesBuildPhase;
			buildActionMask = 2147483647;
			files = (
				259D3F8415F5A8B000D0D5C3 /* InfoPlist.strings in Resources */,
				259D3F8D15F5A8B000D0D5C3 /* MainStoryboard_iPhone.storyboard in Resources */,
				259D3F9015F5A8B000D0D5C3 /* MainStoryboard_iPad.storyboard in Resources */,
			);
			runOnlyForDeploymentPostprocessing = 0;
		};
/* End PBXResourcesBuildPhase section */

/* Begin PBXSourcesBuildPhase section */
		259D3F7115F5A8AF00D0D5C3 /* Sources */ = {
			isa = PBXSourcesBuildPhase;
			buildActionMask = 2147483647;
			files = (
				259D3F8615F5A8B000D0D5C3 /* main.m in Sources */,
				259D3F8A15F5A8B000D0D5C3 /* AppDelegate.m in Sources */,
				259D3F9315F5A8B000D0D5C3 /* MasterViewController.m in Sources */,
				259D3F9615F5A8B000D0D5C3 /* DetailViewController.m in Sources */,
			);
			runOnlyForDeploymentPostprocessing = 0;
		};
/* End PBXSourcesBuildPhase section */

/* Begin PBXVariantGroup section */
		259D3F8215F5A8B000D0D5C3 /* InfoPlist.strings */ = {
			isa = PBXVariantGroup;
			children = (
				259D3F8315F5A8B000D0D5C3 /* en */,
			);
			name = InfoPlist.strings;
			sourceTree = "<group>";
		};
		259D3F8B15F5A8B000D0D5C3 /* MainStoryboard_iPhone.storyboard */ = {
			isa = PBXVariantGroup;
			children = (
				259D3F8C15F5A8B000D0D5C3 /* en */,
			);
			name = MainStoryboard_iPhone.storyboard;
			sourceTree = "<group>";
		};
		259D3F8E15F5A8B000D0D5C3 /* MainStoryboard_iPad.storyboard */ = {
			isa = PBXVariantGroup;
			children = (
				259D3F8F15F5A8B000D0D5C3 /* en */,
			);
			name = MainStoryboard_iPad.storyboard;
			sourceTree = "<group>";
		};
/* End PBXVariantGroup section */

/* Begin XCBuildConfiguration section */
		259D3F9715F5A8B000D0D5C3 /* Debug */ = {
			isa = XCBuildConfiguration;
			buildSettings = {
				ALWAYS_SEARCH_USER_PATHS = NO;
				ARCHS = "$(ARCHS_STANDARD_32_BIT)";
				CLANG_CXX_LANGUAGE_STANDARD = "gnu++0x";
				CLANG_ENABLE_OBJC_ARC = YES;
				CLANG_WARN__DUPLICATE_METHOD_MATCH = YES;
				"CODE_SIGN_IDENTITY[sdk=iphoneos*]" = "iPhone Developer";
				COPY_PHASE_STRIP = NO;
				GCC_C_LANGUAGE_STANDARD = gnu99;
				GCC_DYNAMIC_NO_PIC = NO;
				GCC_OPTIMIZATION_LEVEL = 0;
				GCC_PREPROCESSOR_DEFINITIONS = (
					"DEBUG=1",
					"$(inherited)",
				);
				GCC_SYMBOLS_PRIVATE_EXTERN = NO;
				GCC_VERSION = com.apple.compilers.llvm.clang.1_0;
				GCC_WARN_ABOUT_RETURN_TYPE = YES;
				GCC_WARN_UNINITIALIZED_AUTOS = YES;
				GCC_WARN_UNUSED_VARIABLE = YES;
				IPHONEOS_DEPLOYMENT_TARGET = 5.1;
				SDKROOT = iphoneos;
				TARGETED_DEVICE_FAMILY = "1,2";
			};
			name = Debug;
		};
		259D3F9815F5A8B000D0D5C3 /* Release */ = {
			isa = XCBuildConfiguration;
			buildSettings = {
				ALWAYS_SEARCH_USER_PATHS = NO;
				ARCHS = "$(ARCHS_STANDARD_32_BIT)";
				CLANG_CXX_LANGUAGE_STANDARD = "gnu++0x";
				CLANG_ENABLE_OBJC_ARC = YES;
				CLANG_WARN__DUPLICATE_METHOD_MATCH = YES;
				"CODE_SIGN_IDENTITY[sdk=iphoneos*]" = "iPhone Developer";
				COPY_PHASE_STRIP = YES;
				GCC_C_LANGUAGE_STANDARD = gnu99;
				GCC_VERSION = com.apple.compilers.llvm.clang.1_0;
				GCC_WARN_ABOUT_RETURN_TYPE = YES;
				GCC_WARN_UNINITIALIZED_AUTOS = YES;
				GCC_WARN_UNUSED_VARIABLE = YES;
				IPHONEOS_DEPLOYMENT_TARGET = 5.1;
				OTHER_CFLAGS = "-DNS_BLOCK_ASSERTIONS=1";
				SDKROOT = iphoneos;
				TARGETED_DEVICE_FAMILY = "1,2";
				VALIDATE_PRODUCT = YES;
			};
			name = Release;
		};
		259D3F9A15F5A8B000D0D5C3 /* Debug */ = {
			isa = XCBuildConfiguration;
			buildSettings = {
				GCC_PRECOMPILE_PREFIX_HEADER = YES;
				GCC_PREFIX_HEADER = "preparation/preparation-Prefix.pch";
				INFOPLIST_FILE = "preparation/preparation-Info.plist";
				PRODUCT_NAME = "$(TARGET_NAME)";
				WRAPPER_EXTENSION = app;
			};
			name = Debug;
		};
		259D3F9B15F5A8B000D0D5C3 /* Release */ = {
			isa = XCBuildConfiguration;
			buildSettings = {
				GCC_PRECOMPILE_PREFIX_HEADER = YES;
				GCC_PREFIX_HEADER = "preparation/preparation-Prefix.pch";
				INFOPLIST_FILE = "preparation/preparation-Info.plist";
				PRODUCT_NAME = "$(TARGET_NAME)";
				WRAPPER_EXTENSION = app;
			};
			name = Release;
		};
/* End XCBuildConfiguration section */

/* Begin XCConfigurationList section */
		259D3F6F15F5A8AF00D0D5C3 /* Build configuration list for PBXProject "preparation" */ = {
			isa = XCConfigurationList;
			buildConfigurations = (
				259D3F9715F5A8B000D0D5C3 /* Debug */,
				259D3F9815F5A8B000D0D5C3 /* Release */,
			);
			defaultConfigurationIsVisible = 0;
			defaultConfigurationName = Release;
		};
		259D3F9915F5A8B000D0D5C3 /* Build configuration list for PBXNativeTarget "preparation" */ = {
			isa = XCConfigurationList;
			buildConfigurations = (
				259D3F9A15F5A8B000D0D5C3 /* Debug */,
				259D3F9B15F5A8B000D0D5C3 /* Release */,
			);
			defaultConfigurationIsVisible = 0;
		};
/* End XCConfigurationList section */
	};
	rootObject = 259D3F6C15F5A8AF00D0D5C3 /* Project object */;
}
